
Microsoft Visual Studio Solution File, Format Version 12.00
# Visual Studio Version 16
VisualStudioVersion = 16.0.31702.278
MinimumVisualStudioVersion = 10.0.40219.1
Project("{FAE04EC0-301F-11D3-BF4B-00C04F79EFBC}") = "3.3.10", "3.3.10.csproj", "{A9621340-4597-4809-AD07-E1B6959A9F3D}"
EndProject
Global
	GlobalSection(SolutionConfigurationPlatforms) = preSolution
		Debug|Any CPU = Debug|Any CPU
		Release|Any CPU = Release|Any CPU
	EndGlobalSection
	GlobalSection(ProjectConfigurationPlatforms) = postSolution
		{A9621340-4597-4809-AD07-E1B6959A9F3D}.Debug|Any CPU.ActiveCfg = Debug|Any CPU
		{A9621340-4597-4809-AD07-E1B6959A9F3D}.Debug|Any CPU.Build.0 = Debug|Any CPU
		{A9621340-4597-4809-AD07-E1B6959A9F3D}.Release|Any CPU.ActiveCfg = Release|Any CPU
		{A9621340-4597-4809-AD07-E1B6959A9F3D}.Release|Any CPU.Build.0 = Release|Any CPU
	EndGlobalSection
	GlobalSection(SolutionProperties) = preSolution
		HideSolutionNode = FALSE
	EndGlobalSection
	GlobalSection(ExtensibilityGlobals) = postSolution
		SolutionGuid = {07F89A35-C82E-4728-8C7E-8B9BDF0CFB9D}
	EndGlobalSection
EndGlobal
