
Microsoft Visual Studio Solution File, Format Version 12.00
# Visual Studio Version 16
VisualStudioVersion = 16.0.31702.278
MinimumVisualStudioVersion = 10.0.40219.1
Project("{FAE04EC0-301F-11D3-BF4B-00C04F79EFBC}") = "7.6.8", "7.6.8.csproj", "{ACA337C2-7801-40EA-B4E4-DC696D9ACBD5}"
EndProject
Global
	GlobalSection(SolutionConfigurationPlatforms) = preSolution
		Debug|Any CPU = Debug|Any CPU
		Release|Any CPU = Release|Any CPU
	EndGlobalSection
	GlobalSection(ProjectConfigurationPlatforms) = postSolution
		{ACA337C2-7801-40EA-B4E4-DC696D9ACBD5}.Debug|Any CPU.ActiveCfg = Debug|Any CPU
		{ACA337C2-7801-40EA-B4E4-DC696D9ACBD5}.Debug|Any CPU.Build.0 = Debug|Any CPU
		{ACA337C2-7801-40EA-B4E4-DC696D9ACBD5}.Release|Any CPU.ActiveCfg = Release|Any CPU
		{ACA337C2-7801-40EA-B4E4-DC696D9ACBD5}.Release|Any CPU.Build.0 = Release|Any CPU
	EndGlobalSection
	GlobalSection(SolutionProperties) = preSolution
		HideSolutionNode = FALSE
	EndGlobalSection
	GlobalSection(ExtensibilityGlobals) = postSolution
		SolutionGuid = {18F2E237-8018-4734-ABFD-47CF44E4B97D}
	EndGlobalSection
EndGlobal
