
Microsoft Visual Studio Solution File, Format Version 12.00
# Visual Studio Version 16
VisualStudioVersion = 16.0.31702.278
MinimumVisualStudioVersion = 10.0.40219.1
Project("{FAE04EC0-301F-11D3-BF4B-00C04F79EFBC}") = "2.4.9", "2.4.9.csproj", "{8152C19A-B08B-4CF4-9127-3D9E9C1BE7F1}"
EndProject
Global
	GlobalSection(SolutionConfigurationPlatforms) = preSolution
		Debug|Any CPU = Debug|Any CPU
		Release|Any CPU = Release|Any CPU
	EndGlobalSection
	GlobalSection(ProjectConfigurationPlatforms) = postSolution
		{8152C19A-B08B-4CF4-9127-3D9E9C1BE7F1}.Debug|Any CPU.ActiveCfg = Debug|Any CPU
		{8152C19A-B08B-4CF4-9127-3D9E9C1BE7F1}.Debug|Any CPU.Build.0 = Debug|Any CPU
		{8152C19A-B08B-4CF4-9127-3D9E9C1BE7F1}.Release|Any CPU.ActiveCfg = Release|Any CPU
		{8152C19A-B08B-4CF4-9127-3D9E9C1BE7F1}.Release|Any CPU.Build.0 = Release|Any CPU
	EndGlobalSection
	GlobalSection(SolutionProperties) = preSolution
		HideSolutionNode = FALSE
	EndGlobalSection
	GlobalSection(ExtensibilityGlobals) = postSolution
		SolutionGuid = {A8037373-C5D7-447E-AA78-23D5002BE525}
	EndGlobalSection
EndGlobal
