
Microsoft Visual Studio Solution File, Format Version 12.00
# Visual Studio Version 16
VisualStudioVersion = 16.0.31702.278
MinimumVisualStudioVersion = 10.0.40219.1
Project("{FAE04EC0-301F-11D3-BF4B-00C04F79EFBC}") = "5.12.8", "5.12.8.csproj", "{8A6E5B26-0856-483C-A460-45A5CA009FB1}"
EndProject
Global
	GlobalSection(SolutionConfigurationPlatforms) = preSolution
		Debug|Any CPU = Debug|Any CPU
		Release|Any CPU = Release|Any CPU
	EndGlobalSection
	GlobalSection(ProjectConfigurationPlatforms) = postSolution
		{8A6E5B26-0856-483C-A460-45A5CA009FB1}.Debug|Any CPU.ActiveCfg = Debug|Any CPU
		{8A6E5B26-0856-483C-A460-45A5CA009FB1}.Debug|Any CPU.Build.0 = Debug|Any CPU
		{8A6E5B26-0856-483C-A460-45A5CA009FB1}.Release|Any CPU.ActiveCfg = Release|Any CPU
		{8A6E5B26-0856-483C-A460-45A5CA009FB1}.Release|Any CPU.Build.0 = Release|Any CPU
	EndGlobalSection
	GlobalSection(SolutionProperties) = preSolution
		HideSolutionNode = FALSE
	EndGlobalSection
	GlobalSection(ExtensibilityGlobals) = postSolution
		SolutionGuid = {586220A4-6DA6-487B-9D63-3DD6BB4BAAE6}
	EndGlobalSection
EndGlobal
