
Microsoft Visual Studio Solution File, Format Version 12.00
# Visual Studio Version 16
VisualStudioVersion = 16.0.31702.278
MinimumVisualStudioVersion = 10.0.40219.1
Project("{FAE04EC0-301F-11D3-BF4B-00C04F79EFBC}") = "8.14.7", "8.14.7.csproj", "{021A7417-BA42-4CF9-835C-837D4A0A31A4}"
EndProject
Global
	GlobalSection(SolutionConfigurationPlatforms) = preSolution
		Debug|Any CPU = Debug|Any CPU
		Release|Any CPU = Release|Any CPU
	EndGlobalSection
	GlobalSection(ProjectConfigurationPlatforms) = postSolution
		{021A7417-BA42-4CF9-835C-837D4A0A31A4}.Debug|Any CPU.ActiveCfg = Debug|Any CPU
		{021A7417-BA42-4CF9-835C-837D4A0A31A4}.Debug|Any CPU.Build.0 = Debug|Any CPU
		{021A7417-BA42-4CF9-835C-837D4A0A31A4}.Release|Any CPU.ActiveCfg = Release|Any CPU
		{021A7417-BA42-4CF9-835C-837D4A0A31A4}.Release|Any CPU.Build.0 = Release|Any CPU
	EndGlobalSection
	GlobalSection(SolutionProperties) = preSolution
		HideSolutionNode = FALSE
	EndGlobalSection
	GlobalSection(ExtensibilityGlobals) = postSolution
		SolutionGuid = {A683C720-0F1E-4C3B-8FED-715FB9B1B0BE}
	EndGlobalSection
EndGlobal
