
Microsoft Visual Studio Solution File, Format Version 12.00
# Visual Studio Version 16
VisualStudioVersion = 16.0.31702.278
MinimumVisualStudioVersion = 10.0.40219.1
Project("{FAE04EC0-301F-11D3-BF4B-00C04F79EFBC}") = "8.8.3", "8.8.3.csproj", "{B25CE762-2FA2-4B9D-B40A-A66E8C1E6C18}"
EndProject
Global
	GlobalSection(SolutionConfigurationPlatforms) = preSolution
		Debug|Any CPU = Debug|Any CPU
		Release|Any CPU = Release|Any CPU
	EndGlobalSection
	GlobalSection(ProjectConfigurationPlatforms) = postSolution
		{B25CE762-2FA2-4B9D-B40A-A66E8C1E6C18}.Debug|Any CPU.ActiveCfg = Debug|Any CPU
		{B25CE762-2FA2-4B9D-B40A-A66E8C1E6C18}.Debug|Any CPU.Build.0 = Debug|Any CPU
		{B25CE762-2FA2-4B9D-B40A-A66E8C1E6C18}.Release|Any CPU.ActiveCfg = Release|Any CPU
		{B25CE762-2FA2-4B9D-B40A-A66E8C1E6C18}.Release|Any CPU.Build.0 = Release|Any CPU
	EndGlobalSection
	GlobalSection(SolutionProperties) = preSolution
		HideSolutionNode = FALSE
	EndGlobalSection
	GlobalSection(ExtensibilityGlobals) = postSolution
		SolutionGuid = {00F42D2A-550A-4F29-A9DF-2FDF23EDEEFC}
	EndGlobalSection
EndGlobal
